PODS:
  - Alamofire (4.0.1)
  - HanekeSwift (0.10.1)
  - SwiftyBeaver (1.0.3)

DEPENDENCIES:
  - Alamofire (from `https://github.com/Lomotif/Alamofire.git`)
  - HanekeSwift (from `https://github.com/jasonnoahchoi/HanekeSwift`, branch `swift3`)
  - SwiftyBeaver

EXTERNAL SOURCES:
  Alamofire:
    :git: https://github.com/Lomotif/Alamofire.git
  HanekeSwift:
    :branch: swift3
    :git: https://github.com/jasonnoahchoi/HanekeSwift

CHECKOUT OPTIONS:
  Alamofire:
    :commit: e7a2f123f53ae13e792a30f7ec76c4f9e1fc0a74
    :git: https://github.com/Lomotif/Alamofire.git
  HanekeSwift:
    :commit: 8571f0285ae7daa578866e50bc36cc85946e9ae8
    :git: https://github.com/jasonnoahchoi/HanekeSwift

SPEC CHECKSUMS:
  Alamofire: d8ab1487ca8accacde5d0c65ae8144bdf9a264b8
  HanekeSwift: 4113367892828e7700d24a384027de6ebc79aad1
  SwiftyBeaver: e42a664ffbdb5ec68ce968ffd3c54f619c92e0d7

PODFILE CHECKSUM: cd63b5a25f9ed0cefd992cdc34cf91b330ad18f0

COCOAPODS: 1.1.0.rc.2
