// !$*UTF8*$!
{
	archiveVersion = 1;
	classes = {
	};
	objectVersion = 46;
	objects = {

/* Begin PBXBuildFile section */
		A95304F03F84A2A84A37483C /* Pods_HttpRequestTests.framework in Frameworks */ = {isa = PBXBuildFile; fileRef = 3FB2449618F779D690F17C2A /* Pods_HttpRequestTests.framework */; };
		C97D46531CCD7C8700CE72BD /* FileFetcher.swift in Sources */ = {isa = PBXBuildFile; fileRef = C97D46521CCD7C8700CE72BD /* FileFetcher.swift */; };
		C9C1E9721CCAAD5100D361A8 /* HttpRequest.h in Headers */ = {isa = PBXBuildFile; fileRef = C9C1E9711CCAAD5100D361A8 /* HttpRequest.h */; settings = {ATTRIBUTES = (Public, ); }; };
		C9C1E9791CCAAD5100D361A8 /* HttpRequest.framework in Frameworks */ = {isa = PBXBuildFile; fileRef = C9C1E96E1CCAAD5000D361A8 /* HttpRequest.framework */; };
		C9C1E97E1CCAAD5100D361A8 /* HttpRequestTests.swift in Sources */ = {isa = PBXBuildFile; fileRef = C9C1E97D1CCAAD5100D361A8 /* HttpRequestTests.swift */; };
		C9C1E98A1CCACD5900D361A8 /* HttpRequest.swift in Sources */ = {isa = PBXBuildFile; fileRef = C9C1E9891CCACD5900D361A8 /* HttpRequest.swift */; };
		C9C1E98E1CCAD40D00D361A8 /* DictionaryExtension.swift in Sources */ = {isa = PBXBuildFile; fileRef = C9C1E98D1CCAD40D00D361A8 /* DictionaryExtension.swift */; };
		C9C1E9921CCAE34B00D361A8 /* DownloadManager.swift in Sources */ = {isa = PBXBuildFile; fileRef = C9C1E9911CCAE34B00D361A8 /* DownloadManager.swift */; };
		C9C1E9941CCAE36D00D361A8 /* DownloadTask.swift in Sources */ = {isa = PBXBuildFile; fileRef = C9C1E9931CCAE36D00D361A8 /* DownloadTask.swift */; };
		C9C1E9971CCAE3A300D361A8 /* ConcurrentOperation.swift in Sources */ = {isa = PBXBuildFile; fileRef = C9C1E9961CCAE3A300D361A8 /* ConcurrentOperation.swift */; };
		DDCB37CC4B99B64BF4558144 /* Pods_HttpRequest.framework in Frameworks */ = {isa = PBXBuildFile; fileRef = 01217207FBBEE76416A9CC8F /* Pods_HttpRequest.framework */; };
/* End PBXBuildFile section */

/* Begin PBXContainerItemProxy section */
		C9C1E97A1CCAAD5100D361A8 /* PBXContainerItemProxy */ = {
			isa = PBXContainerItemProxy;
			containerPortal = C9C1E9651CCAAD5000D361A8 /* Project object */;
			proxyType = 1;
			remoteGlobalIDString = C9C1E96D1CCAAD5000D361A8;
			remoteInfo = HttpRequest;
		};
/* End PBXContainerItemProxy section */

/* Begin PBXFileReference section */
		01217207FBBEE76416A9CC8F /* Pods_HttpRequest.framework */ = {isa = PBXFileReference; explicitFileType = wrapper.framework; includeInIndex = 0; path = Pods_HttpRequest.framework; sourceTree = BUILT_PRODUCTS_DIR; };
		3FB2449618F779D690F17C2A /* Pods_HttpRequestTests.framework */ = {isa = PBXFileReference; explicitFileType = wrapper.framework; includeInIndex = 0; path = Pods_HttpRequestTests.framework; sourceTree = BUILT_PRODUCTS_DIR; };
		8D5E612E47A1348DBD028712 /* Pods-HttpRequest.debug.xcconfig */ = {isa = PBXFileReference; includeInIndex = 1; lastKnownFileType = text.xcconfig; name = "Pods-HttpRequest.debug.xcconfig"; path = "Pods/Target Support Files/Pods-HttpRequest/Pods-HttpRequest.debug.xcconfig"; sourceTree = "<group>"; };
		A6ED544452141253BC12F12F /* Pods-HttpRequestTests.debug.xcconfig */ = {isa = PBXFileReference; includeInIndex = 1; lastKnownFileType = text.xcconfig; name = "Pods-HttpRequestTests.debug.xcconfig"; path = "Pods/Target Support Files/Pods-HttpRequestTests/Pods-HttpRequestTests.debug.xcconfig"; sourceTree = "<group>"; };
		C97D46521CCD7C8700CE72BD /* FileFetcher.swift */ = {isa = PBXFileReference; fileEncoding = 4; lastKnownFileType = sourcecode.swift; path = FileFetcher.swift; sourceTree = "<group>"; };
		C9C1E96E1CCAAD5000D361A8 /* HttpRequest.framework */ = {isa = PBXFileReference; explicitFileType = wrapper.framework; includeInIndex = 0; path = HttpRequest.framework; sourceTree = BUILT_PRODUCTS_DIR; };
		C9C1E9711CCAAD5100D361A8 /* HttpRequest.h */ = {isa = PBXFileReference; lastKnownFileType = sourcecode.c.h; path = HttpRequest.h; sourceTree = "<group>"; };
		C9C1E9731CCAAD5100D361A8 /* Info.plist */ = {isa = PBXFileReference; lastKnownFileType = text.plist.xml; path = Info.plist; sourceTree = "<group>"; };
		C9C1E9781CCAAD5100D361A8 /* HttpRequestTests.xctest */ = {isa = PBXFileReference; explicitFileType = wrapper.cfbundle; includeInIndex = 0; path = HttpRequestTests.xctest; sourceTree = BUILT_PRODUCTS_DIR; };
		C9C1E97D1CCAAD5100D361A8 /* HttpRequestTests.swift */ = {isa = PBXFileReference; lastKnownFileType = sourcecode.swift; path = HttpRequestTests.swift; sourceTree = "<group>"; };
		C9C1E97F1CCAAD5100D361A8 /* Info.plist */ = {isa = PBXFileReference; lastKnownFileType = text.plist.xml; path = Info.plist; sourceTree = "<group>"; };
		C9C1E9891CCACD5900D361A8 /* HttpRequest.swift */ = {isa = PBXFileReference; fileEncoding = 4; lastKnownFileType = sourcecode.swift; path = HttpRequest.swift; sourceTree = "<group>"; };
		C9C1E98D1CCAD40D00D361A8 /* DictionaryExtension.swift */ = {isa = PBXFileReference; fileEncoding = 4; lastKnownFileType = sourcecode.swift; path = DictionaryExtension.swift; sourceTree = "<group>"; };
		C9C1E9911CCAE34B00D361A8 /* DownloadManager.swift */ = {isa = PBXFileReference; fileEncoding = 4; lastKnownFileType = sourcecode.swift; path = DownloadManager.swift; sourceTree = "<group>"; };
		C9C1E9931CCAE36D00D361A8 /* DownloadTask.swift */ = {isa = PBXFileReference; fileEncoding = 4; lastKnownFileType = sourcecode.swift; path = DownloadTask.swift; sourceTree = "<group>"; };
		C9C1E9961CCAE3A300D361A8 /* ConcurrentOperation.swift */ = {isa = PBXFileReference; fileEncoding = 4; lastKnownFileType = sourcecode.swift; path = ConcurrentOperation.swift; sourceTree = "<group>"; };
		E15CEE898EDA708D0D821CE8 /* Pods-HttpRequestTests.release.xcconfig */ = {isa = PBXFileReference; includeInIndex = 1; lastKnownFileType = text.xcconfig; name = "Pods-HttpRequestTests.release.xcconfig"; path = "Pods/Target Support Files/Pods-HttpRequestTests/Pods-HttpRequestTests.release.xcconfig"; sourceTree = "<group>"; };
		E9D86E518B0AAA26E15336F4 /* Pods-HttpRequest.release.xcconfig */ = {isa = PBXFileReference; includeInIndex = 1; lastKnownFileType = text.xcconfig; name = "Pods-HttpRequest.release.xcconfig"; path = "Pods/Target Support Files/Pods-HttpRequest/Pods-HttpRequest.release.xcconfig"; sourceTree = "<group>"; };
/* End PBXFileReference section */

/* Begin PBXFrameworksBuildPhase section */
		C9C1E96A1CCAAD5000D361A8 /* Frameworks */ = {
			isa = PBXFrameworksBuildPhase;
			buildActionMask = 2147483647;
			files = (
				DDCB37CC4B99B64BF4558144 /* Pods_HttpRequest.framework in Frameworks */,
			);
			runOnlyForDeploymentPostprocessing = 0;
		};
		C9C1E9751CCAAD5100D361A8 /* Frameworks */ = {
			isa = PBXFrameworksBuildPhase;
			buildActionMask = 2147483647;
			files = (
				C9C1E9791CCAAD5100D361A8 /* HttpRequest.framework in Frameworks */,
				A95304F03F84A2A84A37483C /* Pods_HttpRequestTests.framework in Frameworks */,
			);
			runOnlyForDeploymentPostprocessing = 0;
		};
/* End PBXFrameworksBuildPhase section */

/* Begin PBXGroup section */
		072B358A9FE38EA58F9FDF2A /* Frameworks */ = {
			isa = PBXGroup;
			children = (
				01217207FBBEE76416A9CC8F /* Pods_HttpRequest.framework */,
				3FB2449618F779D690F17C2A /* Pods_HttpRequestTests.framework */,
			);
			name = Frameworks;
			sourceTree = "<group>";
		};
		62306F6F9BA64E31E989609B /* Pods */ = {
			isa = PBXGroup;
			children = (
				8D5E612E47A1348DBD028712 /* Pods-HttpRequest.debug.xcconfig */,
				E9D86E518B0AAA26E15336F4 /* Pods-HttpRequest.release.xcconfig */,
				A6ED544452141253BC12F12F /* Pods-HttpRequestTests.debug.xcconfig */,
				E15CEE898EDA708D0D821CE8 /* Pods-HttpRequestTests.release.xcconfig */,
			);
			name = Pods;
			sourceTree = "<group>";
		};
		C9C1E9641CCAAD5000D361A8 = {
			isa = PBXGroup;
			children = (
				C9C1E9701CCAAD5100D361A8 /* HttpRequest */,
				C9C1E97C1CCAAD5100D361A8 /* HttpRequestTests */,
				C9C1E96F1CCAAD5000D361A8 /* Products */,
				62306F6F9BA64E31E989609B /* Pods */,
				072B358A9FE38EA58F9FDF2A /* Frameworks */,
			);
			sourceTree = "<group>";
		};
		C9C1E96F1CCAAD5000D361A8 /* Products */ = {
			isa = PBXGroup;
			children = (
				C9C1E96E1CCAAD5000D361A8 /* HttpRequest.framework */,
				C9C1E9781CCAAD5100D361A8 /* HttpRequestTests.xctest */,
			);
			name = Products;
			sourceTree = "<group>";
		};
		C9C1E9701CCAAD5100D361A8 /* HttpRequest */ = {
			isa = PBXGroup;
			children = (
				C9C1E9711CCAAD5100D361A8 /* HttpRequest.h */,
				C9C1E9891CCACD5900D361A8 /* HttpRequest.swift */,
				C9C1E9981CCAF86A00D361A8 /* Shared */,
				C9C1E9951CCAE37200D361A8 /* Download */,
				C9C1E98D1CCAD40D00D361A8 /* DictionaryExtension.swift */,
				C9C1E9731CCAAD5100D361A8 /* Info.plist */,
			);
			path = HttpRequest;
			sourceTree = "<group>";
		};
		C9C1E97C1CCAAD5100D361A8 /* HttpRequestTests */ = {
			isa = PBXGroup;
			children = (
				C9C1E97D1CCAAD5100D361A8 /* HttpRequestTests.swift */,
				C9C1E97F1CCAAD5100D361A8 /* Info.plist */,
			);
			path = HttpRequestTests;
			sourceTree = "<group>";
		};
		C9C1E9951CCAE37200D361A8 /* Download */ = {
			isa = PBXGroup;
			children = (
				C9C1E9911CCAE34B00D361A8 /* DownloadManager.swift */,
				C9C1E9931CCAE36D00D361A8 /* DownloadTask.swift */,
				C97D46521CCD7C8700CE72BD /* FileFetcher.swift */,
			);
			name = Download;
			sourceTree = "<group>";
		};
		C9C1E9981CCAF86A00D361A8 /* Shared */ = {
			isa = PBXGroup;
			children = (
				C9C1E9961CCAE3A300D361A8 /* ConcurrentOperation.swift */,
			);
			name = Shared;
			sourceTree = "<group>";
		};
/* End PBXGroup section */

/* Begin PBXHeadersBuildPhase section */
		C9C1E96B1CCAAD5000D361A8 /* Headers */ = {
			isa = PBXHeadersBuildPhase;
			buildActionMask = 2147483647;
			files = (
				C9C1E9721CCAAD5100D361A8 /* HttpRequest.h in Headers */,
			);
			runOnlyForDeploymentPostprocessing = 0;
		};
/* End PBXHeadersBuildPhase section */

/* Begin PBXNativeTarget section */
		C9C1E96D1CCAAD5000D361A8 /* HttpRequest */ = {
			isa = PBXNativeTarget;
			buildConfigurationList = C9C1E9821CCAAD5100D361A8 /* Build configuration list for PBXNativeTarget "HttpRequest" */;
			buildPhases = (
				5FE1537DF0D776B2247D5F34 /* [CP] Check Pods Manifest.lock */,
				C9C1E9691CCAAD5000D361A8 /* Sources */,
				C9C1E96A1CCAAD5000D361A8 /* Frameworks */,
				C9C1E96B1CCAAD5000D361A8 /* Headers */,
				C9C1E96C1CCAAD5000D361A8 /* Resources */,
				8D9447D27C31A94CCFD43695 /* [CP] Copy Pods Resources */,
			);
			buildRules = (
			);
			dependencies = (
			);
			name = HttpRequest;
			productName = HttpRequest;
			productReference = C9C1E96E1CCAAD5000D361A8 /* HttpRequest.framework */;
			productType = "com.apple.product-type.framework";
		};
		C9C1E9771CCAAD5100D361A8 /* HttpRequestTests */ = {
			isa = PBXNativeTarget;
			buildConfigurationList = C9C1E9851CCAAD5100D361A8 /* Build configuration list for PBXNativeTarget "HttpRequestTests" */;
			buildPhases = (
				EB1462B806D0B5823A382AF3 /* [CP] Check Pods Manifest.lock */,
				C9C1E9741CCAAD5100D361A8 /* Sources */,
				C9C1E9751CCAAD5100D361A8 /* Frameworks */,
				C9C1E9761CCAAD5100D361A8 /* Resources */,
				8C7C7406026953B3D298F3CF /* [CP] Embed Pods Frameworks */,
				17407BD9664A1C9499797D5E /* [CP] Copy Pods Resources */,
			);
			buildRules = (
			);
			dependencies = (
				C9C1E97B1CCAAD5100D361A8 /* PBXTargetDependency */,
			);
			name = HttpRequestTests;
			productName = HttpRequestTests;
			productReference = C9C1E9781CCAAD5100D361A8 /* HttpRequestTests.xctest */;
			productType = "com.apple.product-type.bundle.unit-test";
		};
/* End PBXNativeTarget section */

/* Begin PBXProject section */
		C9C1E9651CCAAD5000D361A8 /* Project object */ = {
			isa = PBXProject;
			attributes = {
				LastSwiftUpdateCheck = 0730;
				LastUpgradeCheck = 0800;
				ORGANIZATIONNAME = "Lomotif Private Limited";
				TargetAttributes = {
					C9C1E96D1CCAAD5000D361A8 = {
						CreatedOnToolsVersion = 7.3;
						LastSwiftMigration = 0800;
					};
					C9C1E9771CCAAD5100D361A8 = {
						CreatedOnToolsVersion = 7.3;
						LastSwiftMigration = 0800;
					};
				};
			};
			buildConfigurationList = C9C1E9681CCAAD5000D361A8 /* Build configuration list for PBXProject "HttpRequest" */;
			compatibilityVersion = "Xcode 3.2";
			developmentRegion = English;
			hasScannedForEncodings = 0;
			knownRegions = (
				en,
			);
			mainGroup = C9C1E9641CCAAD5000D361A8;
			productRefGroup = C9C1E96F1CCAAD5000D361A8 /* Products */;
			projectDirPath = "";
			projectRoot = "";
			targets = (
				C9C1E96D1CCAAD5000D361A8 /* HttpRequest */,
				C9C1E9771CCAAD5100D361A8 /* HttpRequestTests */,
			);
		};
/* End PBXProject section */

/* Begin PBXResourcesBuildPhase section */
		C9C1E96C1CCAAD5000D361A8 /* Resources */ = {
			isa = PBXResourcesBuildPhase;
			buildActionMask = 2147483647;
			files = (
			);
			runOnlyForDeploymentPostprocessing = 0;
		};
		C9C1E9761CCAAD5100D361A8 /* Resources */ = {
			isa = PBXResourcesBuildPhase;
			buildActionMask = 2147483647;
			files = (
			);
			runOnlyForDeploymentPostprocessing = 0;
		};
/* End PBXResourcesBuildPhase section */

/* Begin PBXShellScriptBuildPhase section */
		17407BD9664A1C9499797D5E /* [CP] Copy Pods Resources */ = {
			isa = PBXShellScriptBuildPhase;
			buildActionMask = 2147483647;
			files = (
			);
			inputPaths = (
			);
			name = "[CP] Copy Pods Resources";
			outputPaths = (
			);
			runOnlyForDeploymentPostprocessing = 0;
			shellPath = /bin/sh;
			shellScript = "\"${SRCROOT}/Pods/Target Support Files/Pods-HttpRequestTests/Pods-HttpRequestTests-resources.sh\"\n";
			showEnvVarsInLog = 0;
		};
		5FE1537DF0D776B2247D5F34 /* [CP] Check Pods Manifest.lock */ = {
			isa = PBXShellScriptBuildPhase;
			buildActionMask = 2147483647;
			files = (
			);
			inputPaths = (
			);
			name = "[CP] Check Pods Manifest.lock";
			outputPaths = (
			);
			runOnlyForDeploymentPostprocessing = 0;
			shellPath = /bin/sh;
			shellScript = "diff \"${PODS_ROOT}/../Podfile.lock\" \"${PODS_ROOT}/Manifest.lock\" > /dev/null\nif [ $? != 0 ] ; then\n    # print error to STDERR\n    echo \"error: The sandbox is not in sync with the Podfile.lock. Run 'pod install' or update your CocoaPods installation.\" >&2\n    exit 1\nfi\n";
			showEnvVarsInLog = 0;
		};
		8C7C7406026953B3D298F3CF /* [CP] Embed Pods Frameworks */ = {
			isa = PBXShellScriptBuildPhase;
			buildActionMask = 2147483647;
			files = (
			);
			inputPaths = (
			);
			name = "[CP] Embed Pods Frameworks";
			outputPaths = (
			);
			runOnlyForDeploymentPostprocessing = 0;
			shellPath = /bin/sh;
			shellScript = "\"${SRCROOT}/Pods/Target Support Files/Pods-HttpRequestTests/Pods-HttpRequestTests-frameworks.sh\"\n";
			showEnvVarsInLog = 0;
		};
		8D9447D27C31A94CCFD43695 /* [CP] Copy Pods Resources */ = {
			isa = PBXShellScriptBuildPhase;
			buildActionMask = 2147483647;
			files = (
			);
			inputPaths = (
			);
			name = "[CP] Copy Pods Resources";
			outputPaths = (
			);
			runOnlyForDeploymentPostprocessing = 0;
			shellPath = /bin/sh;
			shellScript = "\"${SRCROOT}/Pods/Target Support Files/Pods-HttpRequest/Pods-HttpRequest-resources.sh\"\n";
			showEnvVarsInLog = 0;
		};
		EB1462B806D0B5823A382AF3 /* [CP] Check Pods Manifest.lock */ = {
			isa = PBXShellScriptBuildPhase;
			buildActionMask = 2147483647;
			files = (
			);
			inputPaths = (
			);
			name = "[CP] Check Pods Manifest.lock";
			outputPaths = (
			);
			runOnlyForDeploymentPostprocessing = 0;
			shellPath = /bin/sh;
			shellScript = "diff \"${PODS_ROOT}/../Podfile.lock\" \"${PODS_ROOT}/Manifest.lock\" > /dev/null\nif [ $? != 0 ] ; then\n    # print error to STDERR\n    echo \"error: The sandbox is not in sync with the Podfile.lock. Run 'pod install' or update your CocoaPods installation.\" >&2\n    exit 1\nfi\n";
			showEnvVarsInLog = 0;
		};
/* End PBXShellScriptBuildPhase section */

/* Begin PBXSourcesBuildPhase section */
		C9C1E9691CCAAD5000D361A8 /* Sources */ = {
			isa = PBXSourcesBuildPhase;
			buildActionMask = 2147483647;
			files = (
				C9C1E9941CCAE36D00D361A8 /* DownloadTask.swift in Sources */,
				C9C1E98A1CCACD5900D361A8 /* HttpRequest.swift in Sources */,
				C9C1E9971CCAE3A300D361A8 /* ConcurrentOperation.swift in Sources */,
				C9C1E9921CCAE34B00D361A8 /* DownloadManager.swift in Sources */,
				C9C1E98E1CCAD40D00D361A8 /* DictionaryExtension.swift in Sources */,
				C97D46531CCD7C8700CE72BD /* FileFetcher.swift in Sources */,
			);
			runOnlyForDeploymentPostprocessing = 0;
		};
		C9C1E9741CCAAD5100D361A8 /* Sources */ = {
			isa = PBXSourcesBuildPhase;
			buildActionMask = 2147483647;
			files = (
				C9C1E97E1CCAAD5100D361A8 /* HttpRequestTests.swift in Sources */,
			);
			runOnlyForDeploymentPostprocessing = 0;
		};
/* End PBXSourcesBuildPhase section */

/* Begin PBXTargetDependency section */
		C9C1E97B1CCAAD5100D361A8 /* PBXTargetDependency */ = {
			isa = PBXTargetDependency;
			target = C9C1E96D1CCAAD5000D361A8 /* HttpRequest */;
			targetProxy = C9C1E97A1CCAAD5100D361A8 /* PBXContainerItemProxy */;
		};
/* End PBXTargetDependency section */

/* Begin XCBuildConfiguration section */
		C9C1E9801CCAAD5100D361A8 /* Debug */ = {
			isa = XCBuildConfiguration;
			buildSettings = {
				ALWAYS_SEARCH_USER_PATHS = NO;
				CLANG_ANALYZER_NONNULL = YES;
				CLANG_CXX_LANGUAGE_STANDARD = "gnu++0x";
				CLANG_CXX_LIBRARY = "libc++";
				CLANG_ENABLE_MODULES = YES;
				CLANG_ENABLE_OBJC_ARC = YES;
				CLANG_WARN_BOOL_CONVERSION = YES;
				CLANG_WARN_CONSTANT_CONVERSION = YES;
				CLANG_WARN_DIRECT_OBJC_ISA_USAGE = YES_ERROR;
				CLANG_WARN_EMPTY_BODY = YES;
				CLANG_WARN_ENUM_CONVERSION = YES;
				CLANG_WARN_INFINITE_RECURSION = YES;
				CLANG_WARN_INT_CONVERSION = YES;
				CLANG_WARN_OBJC_ROOT_CLASS = YES_ERROR;
				CLANG_WARN_SUSPICIOUS_MOVE = YES;
				CLANG_WARN_UNREACHABLE_CODE = YES;
				CLANG_WARN__DUPLICATE_METHOD_MATCH = YES;
				"CODE_SIGN_IDENTITY[sdk=iphoneos*]" = "iPhone Developer";
				COPY_PHASE_STRIP = NO;
				CURRENT_PROJECT_VERSION = 1;
				DEBUG_INFORMATION_FORMAT = dwarf;
				ENABLE_STRICT_OBJC_MSGSEND = YES;
				ENABLE_TESTABILITY = YES;
				GCC_C_LANGUAGE_STANDARD = gnu99;
				GCC_DYNAMIC_NO_PIC = NO;
				GCC_NO_COMMON_BLOCKS = YES;
				GCC_OPTIMIZATION_LEVEL = 0;
				GCC_PREPROCESSOR_DEFINITIONS = (
					"DEBUG=1",
					"$(inherited)",
				);
				GCC_WARN_64_TO_32_BIT_CONVERSION = YES;
				GCC_WARN_ABOUT_RETURN_TYPE = YES_ERROR;
				GCC_WARN_UNDECLARED_SELECTOR = YES;
				GCC_WARN_UNINITIALIZED_AUTOS = YES_AGGRESSIVE;
				GCC_WARN_UNUSED_FUNCTION = YES;
				GCC_WARN_UNUSED_VARIABLE = YES;
				IPHONEOS_DEPLOYMENT_TARGET = 9.3;
				MTL_ENABLE_DEBUG_INFO = YES;
				ONLY_ACTIVE_ARCH = YES;
				SDKROOT = iphoneos;
				SWIFT_OPTIMIZATION_LEVEL = "-Onone";
				TARGETED_DEVICE_FAMILY = "1,2";
				VERSIONING_SYSTEM = "apple-generic";
				VERSION_INFO_PREFIX = "";
			};
			name = Debug;
		};
		C9C1E9811CCAAD5100D361A8 /* Release */ = {
			isa = XCBuildConfiguration;
			buildSettings = {
				ALWAYS_SEARCH_USER_PATHS = NO;
				CLANG_ANALYZER_NONNULL = YES;
				CLANG_CXX_LANGUAGE_STANDARD = "gnu++0x";
				CLANG_CXX_LIBRARY = "libc++";
				CLANG_ENABLE_MODULES = YES;
				CLANG_ENABLE_OBJC_ARC = YES;
				CLANG_WARN_BOOL_CONVERSION = YES;
				CLANG_WARN_CONSTANT_CONVERSION = YES;
				CLANG_WARN_DIRECT_OBJC_ISA_USAGE = YES_ERROR;
				CLANG_WARN_EMPTY_BODY = YES;
				CLANG_WARN_ENUM_CONVERSION = YES;
				CLANG_WARN_INFINITE_RECURSION = YES;
				CLANG_WARN_INT_CONVERSION = YES;
				CLANG_WARN_OBJC_ROOT_CLASS = YES_ERROR;
				CLANG_WARN_SUSPICIOUS_MOVE = YES;
				CLANG_WARN_UNREACHABLE_CODE = YES;
				CLANG_WARN__DUPLICATE_METHOD_MATCH = YES;
				"CODE_SIGN_IDENTITY[sdk=iphoneos*]" = "iPhone Developer";
				COPY_PHASE_STRIP = NO;
				CURRENT_PROJECT_VERSION = 1;
				DEBUG_INFORMATION_FORMAT = "dwarf-with-dsym";
				ENABLE_NS_ASSERTIONS = NO;
				ENABLE_STRICT_OBJC_MSGSEND = YES;
				GCC_C_LANGUAGE_STANDARD = gnu99;
				GCC_NO_COMMON_BLOCKS = YES;
				GCC_WARN_64_TO_32_BIT_CONVERSION = YES;
				GCC_WARN_ABOUT_RETURN_TYPE = YES_ERROR;
				GCC_WARN_UNDECLARED_SELECTOR = YES;
				GCC_WARN_UNINITIALIZED_AUTOS = YES_AGGRESSIVE;
				GCC_WARN_UNUSED_FUNCTION = YES;
				GCC_WARN_UNUSED_VARIABLE = YES;
				IPHONEOS_DEPLOYMENT_TARGET = 9.3;
				MTL_ENABLE_DEBUG_INFO = NO;
				SDKROOT = iphoneos;
				SWIFT_OPTIMIZATION_LEVEL = "-Owholemodule";
				TARGETED_DEVICE_FAMILY = "1,2";
				VALIDATE_PRODUCT = YES;
				VERSIONING_SYSTEM = "apple-generic";
				VERSION_INFO_PREFIX = "";
			};
			name = Release;
		};
		C9C1E9831CCAAD5100D361A8 /* Debug */ = {
			isa = XCBuildConfiguration;
			baseConfigurationReference = 8D5E612E47A1348DBD028712 /* Pods-HttpRequest.debug.xcconfig */;
			buildSettings = {
				ALWAYS_EMBED_SWIFT_STANDARD_LIBRARIES = YES;
				CLANG_ENABLE_MODULES = YES;
				"CODE_SIGN_IDENTITY[sdk=iphoneos*]" = "";
				DEFINES_MODULE = YES;
				DYLIB_COMPATIBILITY_VERSION = 1;
				DYLIB_CURRENT_VERSION = 1;
				DYLIB_INSTALL_NAME_BASE = "@rpath";
				INFOPLIST_FILE = HttpRequest/Info.plist;
				INSTALL_PATH = "$(LOCAL_LIBRARY_DIR)/Frameworks";
				IPHONEOS_DEPLOYMENT_TARGET = 8.0;
				LD_RUNPATH_SEARCH_PATHS = "$(inherited) @executable_path/Frameworks @loader_path/Frameworks";
				PRODUCT_BUNDLE_IDENTIFIER = com.lomotif.HttpRequest;
				PRODUCT_NAME = "$(TARGET_NAME)";
				SKIP_INSTALL = YES;
				SWIFT_OPTIMIZATION_LEVEL = "-Onone";
				SWIFT_VERSION = 3.0;
			};
			name = Debug;
		};
		C9C1E9841CCAAD5100D361A8 /* Release */ = {
			isa = XCBuildConfiguration;
			baseConfigurationReference = E9D86E518B0AAA26E15336F4 /* Pods-HttpRequest.release.xcconfig */;
			buildSettings = {
				ALWAYS_EMBED_SWIFT_STANDARD_LIBRARIES = YES;
				CLANG_ENABLE_MODULES = YES;
				"CODE_SIGN_IDENTITY[sdk=iphoneos*]" = "";
				DEFINES_MODULE = YES;
				DYLIB_COMPATIBILITY_VERSION = 1;
				DYLIB_CURRENT_VERSION = 1;
				DYLIB_INSTALL_NAME_BASE = "@rpath";
				INFOPLIST_FILE = HttpRequest/Info.plist;
				INSTALL_PATH = "$(LOCAL_LIBRARY_DIR)/Frameworks";
				IPHONEOS_DEPLOYMENT_TARGET = 8.0;
				LD_RUNPATH_SEARCH_PATHS = "$(inherited) @executable_path/Frameworks @loader_path/Frameworks";
				PRODUCT_BUNDLE_IDENTIFIER = com.lomotif.HttpRequest;
				PRODUCT_NAME = "$(TARGET_NAME)";
				SKIP_INSTALL = YES;
				SWIFT_VERSION = 3.0;
			};
			name = Release;
		};
		C9C1E9861CCAAD5100D361A8 /* Debug */ = {
			isa = XCBuildConfiguration;
			baseConfigurationReference = A6ED544452141253BC12F12F /* Pods-HttpRequestTests.debug.xcconfig */;
			buildSettings = {
				ALWAYS_EMBED_SWIFT_STANDARD_LIBRARIES = YES;
				INFOPLIST_FILE = HttpRequestTests/Info.plist;
				LD_RUNPATH_SEARCH_PATHS = "$(inherited) @executable_path/Frameworks @loader_path/Frameworks";
				PRODUCT_BUNDLE_IDENTIFIER = com.LomotifPteLtd.HttpRequestTests;
				PRODUCT_NAME = "$(TARGET_NAME)";
				SWIFT_VERSION = 3.0;
			};
			name = Debug;
		};
		C9C1E9871CCAAD5100D361A8 /* Release */ = {
			isa = XCBuildConfiguration;
			baseConfigurationReference = E15CEE898EDA708D0D821CE8 /* Pods-HttpRequestTests.release.xcconfig */;
			buildSettings = {
				ALWAYS_EMBED_SWIFT_STANDARD_LIBRARIES = YES;
				INFOPLIST_FILE = HttpRequestTests/Info.plist;
				LD_RUNPATH_SEARCH_PATHS = "$(inherited) @executable_path/Frameworks @loader_path/Frameworks";
				PRODUCT_BUNDLE_IDENTIFIER = com.LomotifPteLtd.HttpRequestTests;
				PRODUCT_NAME = "$(TARGET_NAME)";
				SWIFT_VERSION = 3.0;
			};
			name = Release;
		};
/* End XCBuildConfiguration section */

/* Begin XCConfigurationList section */
		C9C1E9681CCAAD5000D361A8 /* Build configuration list for PBXProject "HttpRequest" */ = {
			isa = XCConfigurationList;
			buildConfigurations = (
				C9C1E9801CCAAD5100D361A8 /* Debug */,
				C9C1E9811CCAAD5100D361A8 /* Release */,
			);
			defaultConfigurationIsVisible = 0;
			defaultConfigurationName = Release;
		};
		C9C1E9821CCAAD5100D361A8 /* Build configuration list for PBXNativeTarget "HttpRequest" */ = {
			isa = XCConfigurationList;
			buildConfigurations = (
				C9C1E9831CCAAD5100D361A8 /* Debug */,
				C9C1E9841CCAAD5100D361A8 /* Release */,
			);
			defaultConfigurationIsVisible = 0;
			defaultConfigurationName = Release;
		};
		C9C1E9851CCAAD5100D361A8 /* Build configuration list for PBXNativeTarget "HttpRequestTests" */ = {
			isa = XCConfigurationList;
			buildConfigurations = (
				C9C1E9861CCAAD5100D361A8 /* Debug */,
				C9C1E9871CCAAD5100D361A8 /* Release */,
			);
			defaultConfigurationIsVisible = 0;
			defaultConfigurationName = Release;
		};
/* End XCConfigurationList section */
	};
	rootObject = C9C1E9651CCAAD5000D361A8 /* Project object */;
}
